// !$*UTF8*$!
{
	archiveVersion = 1;
	classes = {
	};
	objectVersion = 46;
	objects = {

/* Begin PBXBuildFile section */
		260DE4A918CB0BA40036559F /* LibraryManager.m in Sources */ = {isa = PBXBuildFile; fileRef = 260DE4A818CB0BA40036559F /* LibraryManager.m */; };
		261B28C318CB5142007C13D3 /* LibraryBookCreator.m in Sources */ = {isa = PBXBuildFile; fileRef = 261B28C218CB5142007C13D3 /* LibraryBookCreator.m */; };
		261B28C918CB947D007C13D3 /* LibraryBook.m in Sources */ = {isa = PBXBuildFile; fileRef = 261B28C818CB947D007C13D3 /* LibraryBook.m */; };
		261B28CF18CC5394007C13D3 /* LibraryDetailedBookViewController.m in Sources */ = {isa = PBXBuildFile; fileRef = 261B28CE18CC5394007C13D3 /* LibraryDetailedBookViewController.m */; };
		263D5B5418E58A0600CF2C1D /* LibraryCustomizedDetailedView.m in Sources */ = {isa = PBXBuildFile; fileRef = 263D5B5318E58A0600CF2C1D /* LibraryCustomizedDetailedView.m */; };
		2661187618E9701C00222A14 /* LibraryTableViewCell.m in Sources */ = {isa = PBXBuildFile; fileRef = 2661187518E9701C00222A14 /* LibraryTableViewCell.m */; };
		26639FDF18E024A900C1C3A3 /* LibraryOperation.m in Sources */ = {isa = PBXBuildFile; fileRef = 26639FDE18E024A900C1C3A3 /* LibraryOperation.m */; };
		26639FE218E0428300C1C3A3 /* LibrarySingleBookOperation.m in Sources */ = {isa = PBXBuildFile; fileRef = 26639FE118E0428300C1C3A3 /* LibrarySingleBookOperation.m */; };
		2663A02B18E1C78400C1C3A3 /* LibraryConstants.m in Sources */ = {isa = PBXBuildFile; fileRef = 2663A02A18E1C78300C1C3A3 /* LibraryConstants.m */; };
		266AF10D18CA5AA100A18C33 /* Foundation.framework in Frameworks */ = {isa = PBXBuildFile; fileRef = 266AF10C18CA5AA100A18C33 /* Foundation.framework */; };
		266AF10F18CA5AA100A18C33 /* CoreGraphics.framework in Frameworks */ = {isa = PBXBuildFile; fileRef = 266AF10E18CA5AA100A18C33 /* CoreGraphics.framework */; };
		266AF11118CA5AA100A18C33 /* UIKit.framework in Frameworks */ = {isa = PBXBuildFile; fileRef = 266AF11018CA5AA100A18C33 /* UIKit.framework */; };
		266AF11318CA5AA100A18C33 /* CoreData.framework in Frameworks */ = {isa = PBXBuildFile; fileRef = 266AF11218CA5AA100A18C33 /* CoreData.framework */; };
		266AF11918CA5AA100A18C33 /* InfoPlist.strings in Resources */ = {isa = PBXBuildFile; fileRef = 266AF11718CA5AA100A18C33 /* InfoPlist.strings */; };
		266AF11B18CA5AA100A18C33 /* main.m in Sources */ = {isa = PBXBuildFile; fileRef = 266AF11A18CA5AA100A18C33 /* main.m */; };
		266AF11F18CA5AA100A18C33 /* LibraryAppDelegate.m in Sources */ = {isa = PBXBuildFile; fileRef = 266AF11E18CA5AA100A18C33 /* LibraryAppDelegate.m */; };
		266AF12218CA5AA200A18C33 /* TochkaK.xcdatamodeld in Sources */ = {isa = PBXBuildFile; fileRef = 266AF12018CA5AA200A18C33 /* TochkaK.xcdatamodeld */; };
		266AF12418CA5AA200A18C33 /* Images.xcassets in Resources */ = {isa = PBXBuildFile; fileRef = 266AF12318CA5AA200A18C33 /* Images.xcassets */; };
		266AF12B18CA5AA200A18C33 /* XCTest.framework in Frameworks */ = {isa = PBXBuildFile; fileRef = 266AF12A18CA5AA200A18C33 /* XCTest.framework */; };
		266AF12C18CA5AA200A18C33 /* Foundation.framework in Frameworks */ = {isa = PBXBuildFile; fileRef = 266AF10C18CA5AA100A18C33 /* Foundation.framework */; };
		266AF12D18CA5AA200A18C33 /* UIKit.framework in Frameworks */ = {isa = PBXBuildFile; fileRef = 266AF11018CA5AA100A18C33 /* UIKit.framework */; };
		266AF12E18CA5AA200A18C33 /* CoreData.framework in Frameworks */ = {isa = PBXBuildFile; fileRef = 266AF11218CA5AA100A18C33 /* CoreData.framework */; };
		266AF13618CA5AA200A18C33 /* InfoPlist.strings in Resources */ = {isa = PBXBuildFile; fileRef = 266AF13418CA5AA200A18C33 /* InfoPlist.strings */; };
		266AF13818CA5AA200A18C33 /* TochkaKTests.m in Sources */ = {isa = PBXBuildFile; fileRef = 266AF13718CA5AA200A18C33 /* TochkaKTests.m */; };
		266AF14218CA5D5D00A18C33 /* main.storyboard in Resources */ = {isa = PBXBuildFile; fileRef = 266AF14118CA5D5D00A18C33 /* main.storyboard */; };
		266AF14818CA650800A18C33 /* LibraryViewController.m in Sources */ = {isa = PBXBuildFile; fileRef = 266AF14718CA650800A18C33 /* LibraryViewController.m */; };
		2697EE6918EAA7AF00FAB7DF /* NSString+MD5Hash.m in Sources */ = {isa = PBXBuildFile; fileRef = 2697EE6818EAA7AF00FAB7DF /* NSString+MD5Hash.m */; };
		2697EE6C18EAAA0A00FAB7DF /* LibraryImageManager.m in Sources */ = {isa = PBXBuildFile; fileRef = 2697EE6B18EAAA0A00FAB7DF /* LibraryImageManager.m */; };
		2697EE7118EAAD9A00FAB7DF /* LibraryDownloadImageOperation.m in Sources */ = {isa = PBXBuildFile; fileRef = 2697EE7018EAAD9A00FAB7DF /* LibraryDownloadImageOperation.m */; };
/* End PBXBuildFile section */

/* Begin PBXContainerItemProxy section */
		266AF12F18CA5AA200A18C33 /* PBXContainerItemProxy */ = {
			isa = PBXContainerItemProxy;
			containerPortal = 266AF10118CA5AA100A18C33 /* Project object */;
			proxyType = 1;
			remoteGlobalIDString = 266AF10818CA5AA100A18C33;
			remoteInfo = TochkaK;
		};
/* End PBXContainerItemProxy section */

/* Begin PBXFileReference section */
		260DE4A718CB0BA40036559F /* LibraryManager.h */ = {isa = PBXFileReference; fileEncoding = 4; lastKnownFileType = sourcecode.c.h; path = LibraryManager.h; sourceTree = "<group>"; };
		260DE4A818CB0BA40036559F /* LibraryManager.m */ = {isa = PBXFileReference; fileEncoding = 4; lastKnownFileType = sourcecode.c.objc; path = LibraryManager.m; sourceTree = "<group>"; };
		261B28C118CB5142007C13D3 /* LibraryBookCreator.h */ = {isa = PBXFileReference; fileEncoding = 4; lastKnownFileType = sourcecode.c.h; path = LibraryBookCreator.h; sourceTree = "<group>"; };
		261B28C218CB5142007C13D3 /* LibraryBookCreator.m */ = {isa = PBXFileReference; fileEncoding = 4; lastKnownFileType = sourcecode.c.objc; path = LibraryBookCreator.m; sourceTree = "<group>"; };
		261B28C718CB947D007C13D3 /* LibraryBook.h */ = {isa = PBXFileReference; fileEncoding = 4; lastKnownFileType = sourcecode.c.h; path = LibraryBook.h; sourceTree = "<group>"; };
		261B28C818CB947D007C13D3 /* LibraryBook.m */ = {isa = PBXFileReference; fileEncoding = 4; lastKnownFileType = sourcecode.c.objc; path = LibraryBook.m; sourceTree = "<group>"; };
		261B28CD18CC5394007C13D3 /* LibraryDetailedBookViewController.h */ = {isa = PBXFileReference; fileEncoding = 4; lastKnownFileType = sourcecode.c.h; path = LibraryDetailedBookViewController.h; sourceTree = "<group>"; };
		261B28CE18CC5394007C13D3 /* LibraryDetailedBookViewController.m */ = {isa = PBXFileReference; fileEncoding = 4; lastKnownFileType = sourcecode.c.objc; path = LibraryDetailedBookViewController.m; sourceTree = "<group>"; };
		263D5B5218E58A0600CF2C1D /* LibraryCustomizedDetailedView.h */ = {isa = PBXFileReference; fileEncoding = 4; lastKnownFileType = sourcecode.c.h; path = LibraryCustomizedDetailedView.h; sourceTree = "<group>"; };
		263D5B5318E58A0600CF2C1D /* LibraryCustomizedDetailedView.m */ = {isa = PBXFileReference; fileEncoding = 4; lastKnownFileType = sourcecode.c.objc; path = LibraryCustomizedDetailedView.m; sourceTree = "<group>"; };
		2661187418E9701C00222A14 /* LibraryTableViewCell.h */ = {isa = PBXFileReference; fileEncoding = 4; lastKnownFileType = sourcecode.c.h; path = LibraryTableViewCell.h; sourceTree = "<group>"; };
		2661187518E9701C00222A14 /* LibraryTableViewCell.m */ = {isa = PBXFileReference; fileEncoding = 4; lastKnownFileType = sourcecode.c.objc; path = LibraryTableViewCell.m; sourceTree = "<group>"; };
		2661187718E9AD8300222A14 /* libcommonCrypto.dylib */ = {isa = PBXFileReference; lastKnownFileType = "compiled.mach-o.dylib"; name = libcommonCrypto.dylib; path = usr/lib/system/libcommonCrypto.dylib; sourceTree = SDKROOT; };
		26639FDD18E024A900C1C3A3 /* LibraryOperation.h */ = {isa = PBXFileReference; fileEncoding = 4; lastKnownFileType = sourcecode.c.h; path = LibraryOperation.h; sourceTree = "<group>"; };
		26639FDE18E024A900C1C3A3 /* LibraryOperation.m */ = {isa = PBXFileReference; fileEncoding = 4; lastKnownFileType = sourcecode.c.objc; path = LibraryOperation.m; sourceTree = "<group>"; };
		26639FE018E0428300C1C3A3 /* LibrarySingleBookOperation.h */ = {isa = PBXFileReference; fileEncoding = 4; lastKnownFileType = sourcecode.c.h; path = LibrarySingleBookOperation.h; sourceTree = "<group>"; };
		26639FE118E0428300C1C3A3 /* LibrarySingleBookOperation.m */ = {isa = PBXFileReference; fileEncoding = 4; lastKnownFileType = sourcecode.c.objc; path = LibrarySingleBookOperation.m; sourceTree = "<group>"; };
		2663A02918E1C78300C1C3A3 /* LibraryConstants.h */ = {isa = PBXFileReference; fileEncoding = 4; lastKnownFileType = sourcecode.c.h; name = LibraryConstants.h; path = ../LibraryConstants.h; sourceTree = "<group>"; };
		2663A02A18E1C78300C1C3A3 /* LibraryConstants.m */ = {isa = PBXFileReference; fileEncoding = 4; lastKnownFileType = sourcecode.c.objc; name = LibraryConstants.m; path = ../LibraryConstants.m; sourceTree = "<group>"; };
		266AF10918CA5AA100A18C33 /* TochkaK.app */ = {isa = PBXFileReference; explicitFileType = wrapper.application; includeInIndex = 0; path = TochkaK.app; sourceTree = BUILT_PRODUCTS_DIR; };
		266AF10C18CA5AA100A18C33 /* Foundation.framework */ = {isa = PBXFileReference; lastKnownFileType = wrapper.framework; name = Foundation.framework; path = System/Library/Frameworks/Foundation.framework; sourceTree = SDKROOT; };
		266AF10E18CA5AA100A18C33 /* CoreGraphics.framework */ = {isa = PBXFileReference; lastKnownFileType = wrapper.framework; name = CoreGraphics.framework; path = System/Library/Frameworks/CoreGraphics.framework; sourceTree = SDKROOT; };
		266AF11018CA5AA100A18C33 /* UIKit.framework */ = {isa = PBXFileReference; lastKnownFileType = wrapper.framework; name = UIKit.framework; path = System/Library/Frameworks/UIKit.framework; sourceTree = SDKROOT; };
		266AF11218CA5AA100A18C33 /* CoreData.framework */ = {isa = PBXFileReference; lastKnownFileType = wrapper.framework; name = CoreData.framework; path = System/Library/Frameworks/CoreData.framework; sourceTree = SDKROOT; };
		266AF11618CA5AA100A18C33 /* TochkaK-Info.plist */ = {isa = PBXFileReference; lastKnownFileType = text.plist.xml; path = "TochkaK-Info.plist"; sourceTree = "<group>"; };
		266AF11818CA5AA100A18C33 /* en */ = {isa = PBXFileReference; lastKnownFileType = text.plist.strings; name = en; path = en.lproj/InfoPlist.strings; sourceTree = "<group>"; };
		266AF11A18CA5AA100A18C33 /* main.m */ = {isa = PBXFileReference; lastKnownFileType = sourcecode.c.objc; path = main.m; sourceTree = "<group>"; };
		266AF11C18CA5AA100A18C33 /* TochkaK-Prefix.pch */ = {isa = PBXFileReference; lastKnownFileType = sourcecode.c.h; path = "TochkaK-Prefix.pch"; sourceTree = "<group>"; };
		266AF11D18CA5AA100A18C33 /* LibraryAppDelegate.h */ = {isa = PBXFileReference; lastKnownFileType = sourcecode.c.h; path = LibraryAppDelegate.h; sourceTree = "<group>"; };
		266AF11E18CA5AA100A18C33 /* LibraryAppDelegate.m */ = {isa = PBXFileReference; lastKnownFileType = sourcecode.c.objc; path = LibraryAppDelegate.m; sourceTree = "<group>"; };
		266AF12118CA5AA200A18C33 /* TochkaK.xcdatamodel */ = {isa = PBXFileReference; lastKnownFileType = wrapper.xcdatamodel; path = TochkaK.xcdatamodel; sourceTree = "<group>"; };
		266AF12318CA5AA200A18C33 /* Images.xcassets */ = {isa = PBXFileReference; lastKnownFileType = folder.assetcatalog; path = Images.xcassets; sourceTree = "<group>"; };
		266AF12918CA5AA200A18C33 /* TochkaKTests.xctest */ = {isa = PBXFileReference; explicitFileType = wrapper.cfbundle; includeInIndex = 0; path = TochkaKTests.xctest; sourceTree = BUILT_PRODUCTS_DIR; };
		266AF12A18CA5AA200A18C33 /* XCTest.framework */ = {isa = PBXFileReference; lastKnownFileType = wrapper.framework; name = XCTest.framework; path = Library/Frameworks/XCTest.framework; sourceTree = DEVELOPER_DIR; };
		266AF13318CA5AA200A18C33 /* TochkaKTests-Info.plist */ = {isa = PBXFileReference; lastKnownFileType = text.plist.xml; path = "TochkaKTests-Info.plist"; sourceTree = "<group>"; };
		266AF13518CA5AA200A18C33 /* en */ = {isa = PBXFileReference; lastKnownFileType = text.plist.strings; name = en; path = en.lproj/InfoPlist.strings; sourceTree = "<group>"; };
		266AF13718CA5AA200A18C33 /* TochkaKTests.m */ = {isa = PBXFileReference; lastKnownFileType = sourcecode.c.objc; path = TochkaKTests.m; sourceTree = "<group>"; };
		266AF14118CA5D5D00A18C33 /* main.storyboard */ = {isa = PBXFileReference; fileEncoding = 4; lastKnownFileType = file.storyboard; path = main.storyboard; sourceTree = "<group>"; };
		266AF14618CA650800A18C33 /* LibraryViewController.h */ = {isa = PBXFileReference; fileEncoding = 4; lastKnownFileType = sourcecode.c.h; path = LibraryViewController.h; sourceTree = "<group>"; };
		266AF14718CA650800A18C33 /* LibraryViewController.m */ = {isa = PBXFileReference; fileEncoding = 4; lastKnownFileType = sourcecode.c.objc; path = LibraryViewController.m; sourceTree = "<group>"; };
		2697EE6718EAA7AF00FAB7DF /* NSString+MD5Hash.h */ = {isa = PBXFileReference; fileEncoding = 4; lastKnownFileType = sourcecode.c.h; name = "NSString+MD5Hash.h"; path = "../NSString+MD5Hash.h"; sourceTree = "<group>"; };
		2697EE6818EAA7AF00FAB7DF /* NSString+MD5Hash.m */ = {isa = PBXFileReference; fileEncoding = 4; lastKnownFileType = sourcecode.c.objc; name = "NSString+MD5Hash.m"; path = "../NSString+MD5Hash.m"; sourceTree = "<group>"; };
		2697EE6A18EAAA0A00FAB7DF /* LibraryImageManager.h */ = {isa = PBXFileReference; fileEncoding = 4; lastKnownFileType = sourcecode.c.h; path = LibraryImageManager.h; sourceTree = "<group>"; };
		2697EE6B18EAAA0A00FAB7DF /* LibraryImageManager.m */ = {isa = PBXFileReference; fileEncoding = 4; lastKnownFileType = sourcecode.c.objc; path = LibraryImageManager.m; sourceTree = "<group>"; };
		2697EE6F18EAAD9A00FAB7DF /* LibraryDownloadImageOperation.h */ = {isa = PBXFileReference; fileEncoding = 4; lastKnownFileType = sourcecode.c.h; path = LibraryDownloadImageOperation.h; sourceTree = "<group>"; };
		2697EE7018EAAD9A00FAB7DF /* LibraryDownloadImageOperation.m */ = {isa = PBXFileReference; fileEncoding = 4; lastKnownFileType = sourcecode.c.objc; path = LibraryDownloadImageOperation.m; sourceTree = "<group>"; };
/* End PBXFileReference section */

/* Begin PBXFrameworksBuildPhase section */
		266AF10618CA5AA100A18C33 /* Frameworks */ = {
			isa = PBXFrameworksBuildPhase;
			buildActionMask = 2147483647;
			files = (
				266AF10F18CA5AA100A18C33 /* CoreGraphics.framework in Frameworks */,
				266AF11318CA5AA100A18C33 /* CoreData.framework in Frameworks */,
				266AF11118CA5AA100A18C33 /* UIKit.framework in Frameworks */,
				266AF10D18CA5AA100A18C33 /* Foundation.framework in Frameworks */,
			);
			runOnlyForDeploymentPostprocessing = 0;
		};
		266AF12618CA5AA200A18C33 /* Frameworks */ = {
			isa = PBXFrameworksBuildPhase;
			buildActionMask = 2147483647;
			files = (
				266AF12B18CA5AA200A18C33 /* XCTest.framework in Frameworks */,
				266AF12E18CA5AA200A18C33 /* CoreData.framework in Frameworks */,
				266AF12D18CA5AA200A18C33 /* UIKit.framework in Frameworks */,
				266AF12C18CA5AA200A18C33 /* Foundation.framework in Frameworks */,
			);
			runOnlyForDeploymentPostprocessing = 0;
		};
/* End PBXFrameworksBuildPhase section */

/* Begin PBXGroup section */
		2618D5F718D084A90015E638 /* VCs */ = {
			isa = PBXGroup;
			children = (
				2661187418E9701C00222A14 /* LibraryTableViewCell.h */,
				2661187518E9701C00222A14 /* LibraryTableViewCell.m */,
				263D5B5218E58A0600CF2C1D /* LibraryCustomizedDetailedView.h */,
				263D5B5318E58A0600CF2C1D /* LibraryCustomizedDetailedView.m */,
				261B28CD18CC5394007C13D3 /* LibraryDetailedBookViewController.h */,
				261B28CE18CC5394007C13D3 /* LibraryDetailedBookViewController.m */,
				266AF14618CA650800A18C33 /* LibraryViewController.h */,
				266AF14718CA650800A18C33 /* LibraryViewController.m */,
			);
			name = VCs;
			sourceTree = "<group>";
		};
		2618D5F818D084B30015E638 /* Model */ = {
			isa = PBXGroup;
			children = (
				2697EE6E18EAACB500FAB7DF /* Operations */,
				261B28C718CB947D007C13D3 /* LibraryBook.h */,
				261B28C818CB947D007C13D3 /* LibraryBook.m */,
				261B28C118CB5142007C13D3 /* LibraryBookCreator.h */,
				261B28C218CB5142007C13D3 /* LibraryBookCreator.m */,
				260DE4A718CB0BA40036559F /* LibraryManager.h */,
				260DE4A818CB0BA40036559F /* LibraryManager.m */,
				2697EE6A18EAAA0A00FAB7DF /* LibraryImageManager.h */,
				2697EE6B18EAAA0A00FAB7DF /* LibraryImageManager.m */,
			);
			name = Model;
			sourceTree = "<group>";
		};
		266AF10018CA5AA100A18C33 = {
			isa = PBXGroup;
			children = (
				2697EE6D18EAAC8B00FAB7DF /* Utilities */,
				2618D5F818D084B30015E638 /* Model */,
				2618D5F718D084A90015E638 /* VCs */,
				266AF14118CA5D5D00A18C33 /* main.storyboard */,
				266AF11418CA5AA100A18C33 /* TochkaK */,
				266AF13118CA5AA200A18C33 /* TochkaKTests */,
				266AF10B18CA5AA100A18C33 /* Frameworks */,
				266AF10A18CA5AA100A18C33 /* Products */,
			);
			sourceTree = "<group>";
		};
		266AF10A18CA5AA100A18C33 /* Products */ = {
			isa = PBXGroup;
			children = (
				266AF10918CA5AA100A18C33 /* TochkaK.app */,
				266AF12918CA5AA200A18C33 /* TochkaKTests.xctest */,
			);
			name = Products;
			sourceTree = "<group>";
		};
		266AF10B18CA5AA100A18C33 /* Frameworks */ = {
			isa = PBXGroup;
			children = (
				2661187718E9AD8300222A14 /* libcommonCrypto.dylib */,
				266AF10C18CA5AA100A18C33 /* Foundation.framework */,
				266AF10E18CA5AA100A18C33 /* CoreGraphics.framework */,
				266AF11018CA5AA100A18C33 /* UIKit.framework */,
				266AF11218CA5AA100A18C33 /* CoreData.framework */,
				266AF12A18CA5AA200A18C33 /* XCTest.framework */,
			);
			name = Frameworks;
			sourceTree = "<group>";
		};
		266AF11418CA5AA100A18C33 /* TochkaK */ = {
			isa = PBXGroup;
			children = (
				266AF12318CA5AA200A18C33 /* Images.xcassets */,
				266AF12018CA5AA200A18C33 /* TochkaK.xcdatamodeld */,
				266AF11518CA5AA100A18C33 /* Supporting Files */,
			);
			path = TochkaK;
			sourceTree = "<group>";
		};
		266AF11518CA5AA100A18C33 /* Supporting Files */ = {
			isa = PBXGroup;
			children = (
				266AF11D18CA5AA100A18C33 /* LibraryAppDelegate.h */,
				266AF11E18CA5AA100A18C33 /* LibraryAppDelegate.m */,
				266AF11618CA5AA100A18C33 /* TochkaK-Info.plist */,
				266AF11718CA5AA100A18C33 /* InfoPlist.strings */,
				266AF11A18CA5AA100A18C33 /* main.m */,
				266AF11C18CA5AA100A18C33 /* TochkaK-Prefix.pch */,
			);
			name = "Supporting Files";
			sourceTree = "<group>";
		};
		266AF13118CA5AA200A18C33 /* TochkaKTests */ = {
			isa = PBXGroup;
			children = (
				266AF13718CA5AA200A18C33 /* TochkaKTests.m */,
				266AF13218CA5AA200A18C33 /* Supporting Files */,
			);
			path = TochkaKTests;
			sourceTree = "<group>";
		};
		266AF13218CA5AA200A18C33 /* Supporting Files */ = {
			isa = PBXGroup;
			children = (
				266AF13318CA5AA200A18C33 /* TochkaKTests-Info.plist */,
				266AF13418CA5AA200A18C33 /* InfoPlist.strings */,
			);
			name = "Supporting Files";
			sourceTree = "<group>";
		};
		2697EE6D18EAAC8B00FAB7DF /* Utilities */ = {
			isa = PBXGroup;
			children = (
				2697EE6718EAA7AF00FAB7DF /* NSString+MD5Hash.h */,
				2697EE6818EAA7AF00FAB7DF /* NSString+MD5Hash.m */,
				2663A02A18E1C78300C1C3A3 /* LibraryConstants.m */,
				2663A02918E1C78300C1C3A3 /* LibraryConstants.h */,
			);
			name = Utilities;
			path = TochkaK;
			sourceTree = "<group>";
		};
		2697EE6E18EAACB500FAB7DF /* Operations */ = {
			isa = PBXGroup;
			children = (
				26639FDD18E024A900C1C3A3 /* LibraryOperation.h */,
				26639FDE18E024A900C1C3A3 /* LibraryOperation.m */,
				26639FE018E0428300C1C3A3 /* LibrarySingleBookOperation.h */,
				26639FE118E0428300C1C3A3 /* LibrarySingleBookOperation.m */,
				2697EE6F18EAAD9A00FAB7DF /* LibraryDownloadImageOperation.h */,
				2697EE7018EAAD9A00FAB7DF /* LibraryDownloadImageOperation.m */,
			);
			name = Operations;
			sourceTree = "<group>";
		};
/* End PBXGroup section */

/* Begin PBXNativeTarget section */
		266AF10818CA5AA100A18C33 /* TochkaK */ = {
			isa = PBXNativeTarget;
			buildConfigurationList = 266AF13B18CA5AA200A18C33 /* Build configuration list for PBXNativeTarget "TochkaK" */;
			buildPhases = (
				266AF10518CA5AA100A18C33 /* Sources */,
				266AF10618CA5AA100A18C33 /* Frameworks */,
				266AF10718CA5AA100A18C33 /* Resources */,
			);
			buildRules = (
			);
			dependencies = (
			);
			name = TochkaK;
			productName = TochkaK;
			productReference = 266AF10918CA5AA100A18C33 /* TochkaK.app */;
			productType = "com.apple.product-type.application";
		};
		266AF12818CA5AA200A18C33 /* TochkaKTests */ = {
			isa = PBXNativeTarget;
			buildConfigurationList = 266AF13E18CA5AA200A18C33 /* Build configuration list for PBXNativeTarget "TochkaKTests" */;
			buildPhases = (
				266AF12518CA5AA200A18C33 /* Sources */,
				266AF12618CA5AA200A18C33 /* Frameworks */,
				266AF12718CA5AA200A18C33 /* Resources */,
			);
			buildRules = (
			);
			dependencies = (
				266AF13018CA5AA200A18C33 /* PBXTargetDependency */,
			);
			name = TochkaKTests;
			productName = TochkaKTests;
			productReference = 266AF12918CA5AA200A18C33 /* TochkaKTests.xctest */;
			productType = "com.apple.product-type.bundle.unit-test";
		};
/* End PBXNativeTarget section */

/* Begin PBXProject section */
		266AF10118CA5AA100A18C33 /* Project object */ = {
			isa = PBXProject;
			attributes = {
				CLASSPREFIX = Library;
				LastUpgradeCheck = 0510;
				TargetAttributes = {
					266AF12818CA5AA200A18C33 = {
						TestTargetID = 266AF10818CA5AA100A18C33;
					};
				};
			};
			buildConfigurationList = 266AF10418CA5AA100A18C33 /* Build configuration list for PBXProject "TochkaK" */;
			compatibilityVersion = "Xcode 3.2";
			developmentRegion = English;
			hasScannedForEncodings = 0;
			knownRegions = (
				en,
			);
			mainGroup = 266AF10018CA5AA100A18C33;
			productRefGroup = 266AF10A18CA5AA100A18C33 /* Products */;
			projectDirPath = "";
			projectRoot = "";
			targets = (
				266AF10818CA5AA100A18C33 /* TochkaK */,
				266AF12818CA5AA200A18C33 /* TochkaKTests */,
			);
		};
/* End PBXProject section */

/* Begin PBXResourcesBuildPhase section */
		266AF10718CA5AA100A18C33 /* Resources */ = {
			isa = PBXResourcesBuildPhase;
			buildActionMask = 2147483647;
			files = (
				266AF11918CA5AA100A18C33 /* InfoPlist.strings in Resources */,
				266AF14218CA5D5D00A18C33 /* main.storyboard in Resources */,
				266AF12418CA5AA200A18C33 /* Images.xcassets in Resources */,
			);
			runOnlyForDeploymentPostprocessing = 0;
		};
		266AF12718CA5AA200A18C33 /* Resources */ = {
			isa = PBXResourcesBuildPhase;
			buildActionMask = 2147483647;
			files = (
				266AF13618CA5AA200A18C33 /* InfoPlist.strings in Resources */,
			);
			runOnlyForDeploymentPostprocessing = 0;
		};
/* End PBXResourcesBuildPhase section */

/* Begin PBXSourcesBuildPhase section */
		266AF10518CA5AA100A18C33 /* Sources */ = {
			isa = PBXSourcesBuildPhase;
			buildActionMask = 2147483647;
			files = (
				261B28C918CB947D007C13D3 /* LibraryBook.m in Sources */,
				266AF12218CA5AA200A18C33 /* TochkaK.xcdatamodeld in Sources */,
				2697EE6918EAA7AF00FAB7DF /* NSString+MD5Hash.m in Sources */,
				2697EE6C18EAAA0A00FAB7DF /* LibraryImageManager.m in Sources */,
				261B28CF18CC5394007C13D3 /* LibraryDetailedBookViewController.m in Sources */,
				26639FDF18E024A900C1C3A3 /* LibraryOperation.m in Sources */,
				263D5B5418E58A0600CF2C1D /* LibraryCustomizedDetailedView.m in Sources */,
				2661187618E9701C00222A14 /* LibraryTableViewCell.m in Sources */,
				261B28C318CB5142007C13D3 /* LibraryBookCreator.m in Sources */,
				266AF11F18CA5AA100A18C33 /* LibraryAppDelegate.m in Sources */,
				266AF14818CA650800A18C33 /* LibraryViewController.m in Sources */,
				2697EE7118EAAD9A00FAB7DF /* LibraryDownloadImageOperation.m in Sources */,
				2663A02B18E1C78400C1C3A3 /* LibraryConstants.m in Sources */,
				26639FE218E0428300C1C3A3 /* LibrarySingleBookOperation.m in Sources */,
				266AF11B18CA5AA100A18C33 /* main.m in Sources */,
				260DE4A918CB0BA40036559F /* LibraryManager.m in Sources */,
			);
			runOnlyForDeploymentPostprocessing = 0;
		};
		266AF12518CA5AA200A18C33 /* Sources */ = {
			isa = PBXSourcesBuildPhase;
			buildActionMask = 2147483647;
			files = (
				266AF13818CA5AA200A18C33 /* TochkaKTests.m in Sources */,
			);
			runOnlyForDeploymentPostprocessing = 0;
		};
/* End PBXSourcesBuildPhase section */

/* Begin PBXTargetDependency section */
		266AF13018CA5AA200A18C33 /* PBXTargetDependency */ = {
			isa = PBXTargetDependency;
			target = 266AF10818CA5AA100A18C33 /* TochkaK */;
			targetProxy = 266AF12F18CA5AA200A18C33 /* PBXContainerItemProxy */;
		};
/* End PBXTargetDependency section */

/* Begin PBXVariantGroup section */
		266AF11718CA5AA100A18C33 /* InfoPlist.strings */ = {
			isa = PBXVariantGroup;
			children = (
				266AF11818CA5AA100A18C33 /* en */,
			);
			name = InfoPlist.strings;
			sourceTree = "<group>";
		};
		266AF13418CA5AA200A18C33 /* InfoPlist.strings */ = {
			isa = PBXVariantGroup;
			children = (
				266AF13518CA5AA200A18C33 /* en */,
			);
			name = InfoPlist.strings;
			sourceTree = "<group>";
		};
/* End PBXVariantGroup section */

/* Begin XCBuildConfiguration section */
		266AF13918CA5AA200A18C33 /* Debug */ = {
			isa = XCBuildConfiguration;
			buildSettings = {
				ALWAYS_SEARCH_USER_PATHS = NO;
				CLANG_CXX_LANGUAGE_STANDARD = "gnu++0x";
				CLANG_CXX_LIBRARY = "libc++";
				CLANG_ENABLE_MODULES = YES;
				CLANG_ENABLE_OBJC_ARC = YES;
				CLANG_WARN_BOOL_CONVERSION = YES;
				CLANG_WARN_CONSTANT_CONVERSION = YES;
				CLANG_WARN_DIRECT_OBJC_ISA_USAGE = YES_ERROR;
				CLANG_WARN_EMPTY_BODY = YES;
				CLANG_WARN_ENUM_CONVERSION = YES;
				CLANG_WARN_INT_CONVERSION = YES;
				CLANG_WARN_OBJC_ROOT_CLASS = YES_ERROR;
				CLANG_WARN__DUPLICATE_METHOD_MATCH = YES;
				"CODE_SIGN_IDENTITY[sdk=iphoneos*]" = "iPhone Developer";
				COPY_PHASE_STRIP = NO;
				GCC_C_LANGUAGE_STANDARD = gnu99;
				GCC_DYNAMIC_NO_PIC = NO;
				GCC_OPTIMIZATION_LEVEL = 0;
				GCC_PREPROCESSOR_DEFINITIONS = (
					"DEBUG=1",
					"$(inherited)",
				);
				GCC_SYMBOLS_PRIVATE_EXTERN = NO;
				GCC_WARN_64_TO_32_BIT_CONVERSION = YES;
				GCC_WARN_ABOUT_RETURN_TYPE = YES_ERROR;
				GCC_WARN_UNDECLARED_SELECTOR = YES;
				GCC_WARN_UNINITIALIZED_AUTOS = YES;
				GCC_WARN_UNUSED_FUNCTION = YES;
				GCC_WARN_UNUSED_VARIABLE = YES;
				IPHONEOS_DEPLOYMENT_TARGET = 7.0;
				ONLY_ACTIVE_ARCH = YES;
				SDKROOT = iphoneos;
			};
			name = Debug;
		};
		266AF13A18CA5AA200A18C33 /* Release */ = {
			isa = XCBuildConfiguration;
			buildSettings = {
				ALWAYS_SEARCH_USER_PATHS = NO;
				CLANG_CXX_LANGUAGE_STANDARD = "gnu++0x";
				CLANG_CXX_LIBRARY = "libc++";
				CLANG_ENABLE_MODULES = YES;
				CLANG_ENABLE_OBJC_ARC = YES;
				CLANG_WARN_BOOL_CONVERSION = YES;
				CLANG_WARN_CONSTANT_CONVERSION = YES;
				CLANG_WARN_DIRECT_OBJC_ISA_USAGE = YES_ERROR;
				CLANG_WARN_EMPTY_BODY = YES;
				CLANG_WARN_ENUM_CONVERSION = YES;
				CLANG_WARN_INT_CONVERSION = YES;
				CLANG_WARN_OBJC_ROOT_CLASS = YES_ERROR;
				CLANG_WARN__DUPLICATE_METHOD_MATCH = YES;
				"CODE_SIGN_IDENTITY[sdk=iphoneos*]" = "iPhone Developer";
				COPY_PHASE_STRIP = YES;
				ENABLE_NS_ASSERTIONS = NO;
				GCC_C_LANGUAGE_STANDARD = gnu99;
				GCC_WARN_64_TO_32_BIT_CONVERSION = YES;
				GCC_WARN_ABOUT_RETURN_TYPE = YES_ERROR;
				GCC_WARN_UNDECLARED_SELECTOR = YES;
				GCC_WARN_UNINITIALIZED_AUTOS = YES;
				GCC_WARN_UNUSED_FUNCTION = YES;
				GCC_WARN_UNUSED_VARIABLE = YES;
				IPHONEOS_DEPLOYMENT_TARGET = 7.0;
				SDKROOT = iphoneos;
				VALIDATE_PRODUCT = YES;
			};
			name = Release;
		};
		266AF13C18CA5AA200A18C33 /* Debug */ = {
			isa = XCBuildConfiguration;
			buildSettings = {
				ASSETCATALOG_COMPILER_APPICON_NAME = AppIcon;
				ASSETCATALOG_COMPILER_LAUNCHIMAGE_NAME = LaunchImage;
				GCC_PRECOMPILE_PREFIX_HEADER = YES;
				GCC_PREFIX_HEADER = "TochkaK/TochkaK-Prefix.pch";
				INFOPLIST_FILE = "TochkaK/TochkaK-Info.plist";
				IPHONEOS_DEPLOYMENT_TARGET = 6.0;
				LIBRARY_SEARCH_PATHS = (
					"$(inherited)",
					"$(SDKROOT)/usr/lib/system",
				);
				PRODUCT_NAME = "$(TARGET_NAME)";
				WRAPPER_EXTENSION = app;
			};
			name = Debug;
		};
		266AF13D18CA5AA200A18C33 /* Release */ = {
			isa = XCBuildConfiguration;
			buildSettings = {
				ASSETCATALOG_COMPILER_APPICON_NAME = AppIcon;
				ASSETCATALOG_COMPILER_LAUNCHIMAGE_NAME = LaunchImage;
				GCC_PRECOMPILE_PREFIX_HEADER = YES;
				GCC_PREFIX_HEADER = "TochkaK/TochkaK-Prefix.pch";
				INFOPLIST_FILE = "TochkaK/TochkaK-Info.plist";
				IPHONEOS_DEPLOYMENT_TARGET = 6.0;
				LIBRARY_SEARCH_PATHS = (
					"$(inherited)",
					"$(SDKROOT)/usr/lib/system",
				);
				PRODUCT_NAME = "$(TARGET_NAME)";
				WRAPPER_EXTENSION = app;
			};
			name = Release;
		};
		266AF13F18CA5AA200A18C33 /* Debug */ = {
			isa = XCBuildConfiguration;
			buildSettings = {
				BUNDLE_LOADER = "$(BUILT_PRODUCTS_DIR)/TochkaK.app/TochkaK";
				FRAMEWORK_SEARCH_PATHS = (
					"$(SDKROOT)/Developer/Library/Frameworks",
					"$(inherited)",
					"$(DEVELOPER_FRAMEWORKS_DIR)",
				);
				GCC_PRECOMPILE_PREFIX_HEADER = YES;
				GCC_PREFIX_HEADER = "TochkaK/TochkaK-Prefix.pch";
				GCC_PREPROCESSOR_DEFINITIONS = (
					"DEBUG=1",
					"$(inherited)",
				);
				INFOPLIST_FILE = "TochkaKTests/TochkaKTests-Info.plist";
				PRODUCT_NAME = "$(TARGET_NAME)";
				TEST_HOST = "$(BUNDLE_LOADER)";
				WRAPPER_EXTENSION = xctest;
			};
			name = Debug;
		};
		266AF14018CA5AA200A18C33 /* Release */ = {
			isa = XCBuildConfiguration;
			buildSettings = {
				BUNDLE_LOADER = "$(BUILT_PRODUCTS_DIR)/TochkaK.app/TochkaK";
				FRAMEWORK_SEARCH_PATHS = (
					"$(SDKROOT)/Developer/Library/Frameworks",
					"$(inherited)",
					"$(DEVELOPER_FRAMEWORKS_DIR)",
				);
				GCC_PRECOMPILE_PREFIX_HEADER = YES;
				GCC_PREFIX_HEADER = "TochkaK/TochkaK-Prefix.pch";
				INFOPLIST_FILE = "TochkaKTests/TochkaKTests-Info.plist";
				PRODUCT_NAME = "$(TARGET_NAME)";
				TEST_HOST = "$(BUNDLE_LOADER)";
				WRAPPER_EXTENSION = xctest;
			};
			name = Release;
		};
/* End XCBuildConfiguration section */

/* Begin XCConfigurationList section */
		266AF10418CA5AA100A18C33 /* Build configuration list for PBXProject "TochkaK" */ = {
			isa = XCConfigurationList;
			buildConfigurations = (
				266AF13918CA5AA200A18C33 /* Debug */,
				266AF13A18CA5AA200A18C33 /* Release */,
			);
			defaultConfigurationIsVisible = 0;
			defaultConfigurationName = Release;
		};
		266AF13B18CA5AA200A18C33 /* Build configuration list for PBXNativeTarget "TochkaK" */ = {
			isa = XCConfigurationList;
			buildConfigurations = (
				266AF13C18CA5AA200A18C33 /* Debug */,
				266AF13D18CA5AA200A18C33 /* Release */,
			);
			defaultConfigurationIsVisible = 0;
			defaultConfigurationName = Release;
		};
		266AF13E18CA5AA200A18C33 /* Build configuration list for PBXNativeTarget "TochkaKTests" */ = {
			isa = XCConfigurationList;
			buildConfigurations = (
				266AF13F18CA5AA200A18C33 /* Debug */,
				266AF14018CA5AA200A18C33 /* Release */,
			);
			defaultConfigurationIsVisible = 0;
			defaultConfigurationName = Release;
		};
/* End XCConfigurationList section */

/* Begin XCVersionGroup section */
		266AF12018CA5AA200A18C33 /* TochkaK.xcdatamodeld */ = {
			isa = XCVersionGroup;
			children = (
				266AF12118CA5AA200A18C33 /* TochkaK.xcdatamodel */,
			);
			currentVersion = 266AF12118CA5AA200A18C33 /* TochkaK.xcdatamodel */;
			path = TochkaK.xcdatamodeld;
			sourceTree = "<group>";
			versionGroupType = wrapper.xcdatamodel;
		};
/* End XCVersionGroup section */
	};
	rootObject = 266AF10118CA5AA100A18C33 /* Project object */;
}
